
Microsoft Visual Studio Solution File, Format Version 12.00
# Visual Studio 14
VisualStudioVersion = 14.0.25123.0
MinimumVisualStudioVersion = 10.0.40219.1
Project("{FAE04EC0-301F-11D3-BF4B-00C04F79EFBC}") = "RedisApiCache", "RedisApiCache\RedisApiCache.csproj", "{46614684-3254-4EF9-9067-3C697B3D1179}"
EndProject
Project("{FAE04EC0-301F-11D3-BF4B-00C04F79EFBC}") = "RedisApiCache.Test", "RedisApiCache.Test\RedisApiCache.Test.csproj", "{7E0C3880-3D23-4174-9766-AB47546169A9}"
EndProject
Project("{FAE04EC0-301F-11D3-BF4B-00C04F79EFBC}") = "WebApplication1", "WebApplication1\WebApplication1.csproj", "{C256E0A9-A4AF-4CF0-8C68-C21192DD8099}"
EndProject
Global
	GlobalSection(SolutionConfigurationPlatforms) = preSolution
		Debug|Any CPU = Debug|Any CPU
		Release|Any CPU = Release|Any CPU
	EndGlobalSection
	GlobalSection(ProjectConfigurationPlatforms) = postSolution
		{46614684-3254-4EF9-9067-3C697B3D1179}.Debug|Any CPU.ActiveCfg = Debug|Any CPU
		{46614684-3254-4EF9-9067-3C697B3D1179}.Debug|Any CPU.Build.0 = Debug|Any CPU
		{46614684-3254-4EF9-9067-3C697B3D1179}.Release|Any CPU.ActiveCfg = Release|Any CPU
		{46614684-3254-4EF9-9067-3C697B3D1179}.Release|Any CPU.Build.0 = Release|Any CPU
		{7E0C3880-3D23-4174-9766-AB47546169A9}.Debug|Any CPU.ActiveCfg = Debug|Any CPU
		{7E0C3880-3D23-4174-9766-AB47546169A9}.Debug|Any CPU.Build.0 = Debug|Any CPU
		{7E0C3880-3D23-4174-9766-AB47546169A9}.Release|Any CPU.ActiveCfg = Release|Any CPU
		{7E0C3880-3D23-4174-9766-AB47546169A9}.Release|Any CPU.Build.0 = Release|Any CPU
		{C256E0A9-A4AF-4CF0-8C68-C21192DD8099}.Debug|Any CPU.ActiveCfg = Debug|Any CPU
		{C256E0A9-A4AF-4CF0-8C68-C21192DD8099}.Debug|Any CPU.Build.0 = Debug|Any CPU
		{C256E0A9-A4AF-4CF0-8C68-C21192DD8099}.Release|Any CPU.ActiveCfg = Release|Any CPU
		{C256E0A9-A4AF-4CF0-8C68-C21192DD8099}.Release|Any CPU.Build.0 = Release|Any CPU
	EndGlobalSection
	GlobalSection(SolutionProperties) = preSolution
		HideSolutionNode = FALSE
	EndGlobalSection
EndGlobal
